
Microsoft Visual Studio Solution File, Format Version 12.00
# Visual Studio Version 16
VisualStudioVersion = 16.0.30406.217
MinimumVisualStudioVersion = 10.0.40219.1
Project("{FAE04EC0-301F-11D3-BF4B-00C04F79EFBC}") = "substituicao_pagina", "substituicao_pagina.csproj", "{5E6040A5-93FF-41A5-AF72-B012DC90F3C5}"
EndProject
Global
	GlobalSection(SolutionConfigurationPlatforms) = preSolution
		Debug|Any CPU = Debug|Any CPU
		Release|Any CPU = Release|Any CPU
	EndGlobalSection
	GlobalSection(ProjectConfigurationPlatforms) = postSolution
		{5E6040A5-93FF-41A5-AF72-B012DC90F3C5}.Debug|Any CPU.ActiveCfg = Debug|Any CPU
		{5E6040A5-93FF-41A5-AF72-B012DC90F3C5}.Debug|Any CPU.Build.0 = Debug|Any CPU
		{5E6040A5-93FF-41A5-AF72-B012DC90F3C5}.Release|Any CPU.ActiveCfg = Release|Any CPU
		{5E6040A5-93FF-41A5-AF72-B012DC90F3C5}.Release|Any CPU.Build.0 = Release|Any CPU
	EndGlobalSection
	GlobalSection(SolutionProperties) = preSolution
		HideSolutionNode = FALSE
	EndGlobalSection
	GlobalSection(ExtensibilityGlobals) = postSolution
		SolutionGuid = {65A56833-F9E1-43E8-A0EF-1E9C09BBEE8E}
	EndGlobalSection
EndGlobal
